
Microsoft Visual Studio Solution File, Format Version 12.00
# Visual Studio 2012
Project("{FAE04EC0-301F-11D3-BF4B-00C04F79EFBC}") = "Logger", "Logger\Logger.csproj", "{06722003-BAD5-49E2-9D1B-AA0F39A5AB00}"
EndProject
Project("{FAE04EC0-301F-11D3-BF4B-00C04F79EFBC}") = "IDA", "IDA\IDA.csproj", "{30E0EBD1-44E9-4163-8E62-5F2B28761C0E}"
EndProject
Project("{FAE04EC0-301F-11D3-BF4B-00C04F79EFBC}") = "DA", "DA\DA.csproj", "{220293ED-3FDE-4BCC-BA15-497A3CFEE3E9}"
EndProject
Project("{FAE04EC0-301F-11D3-BF4B-00C04F79EFBC}") = "BE", "BE\BE.csproj", "{F6870796-F377-456D-8BC4-58A9512FC795}"
EndProject
Project("{FAE04EC0-301F-11D3-BF4B-00C04F79EFBC}") = "BL", "BL\BL.csproj", "{040D9257-04DB-4347-A447-CE1AE221C0EF}"
EndProject
Project("{2150E333-8FDC-42A3-9474-1A3956D46DE8}") = "Test", "Test", "{4FD85CA3-BA36-4BF3-8350-E4DF1E2497C4}"
EndProject
Project("{FAE04EC0-301F-11D3-BF4B-00C04F79EFBC}") = "PruebasUnitarias", "Test1\PruebasUnitarias.csproj", "{7A189E82-D574-458F-8825-4A3B22986063}"
EndProject
Project("{2150E333-8FDC-42A3-9474-1A3956D46DE8}") = "Backoffice", "Backoffice", "{74D088E2-AD5F-4868-A991-65531411952A}"
EndProject
Project("{2150E333-8FDC-42A3-9474-1A3956D46DE8}") = "Transversal", "Transversal", "{891A3786-90DE-4B91-A213-A9B07651215C}"
EndProject
Global
	GlobalSection(SolutionConfigurationPlatforms) = preSolution
		Debug|Any CPU = Debug|Any CPU
		Release|Any CPU = Release|Any CPU
	EndGlobalSection
	GlobalSection(ProjectConfigurationPlatforms) = postSolution
		{06722003-BAD5-49E2-9D1B-AA0F39A5AB00}.Debug|Any CPU.ActiveCfg = Debug|Any CPU
		{06722003-BAD5-49E2-9D1B-AA0F39A5AB00}.Debug|Any CPU.Build.0 = Debug|Any CPU
		{06722003-BAD5-49E2-9D1B-AA0F39A5AB00}.Release|Any CPU.ActiveCfg = Release|Any CPU
		{06722003-BAD5-49E2-9D1B-AA0F39A5AB00}.Release|Any CPU.Build.0 = Release|Any CPU
		{30E0EBD1-44E9-4163-8E62-5F2B28761C0E}.Debug|Any CPU.ActiveCfg = Debug|Any CPU
		{30E0EBD1-44E9-4163-8E62-5F2B28761C0E}.Debug|Any CPU.Build.0 = Debug|Any CPU
		{30E0EBD1-44E9-4163-8E62-5F2B28761C0E}.Release|Any CPU.ActiveCfg = Release|Any CPU
		{30E0EBD1-44E9-4163-8E62-5F2B28761C0E}.Release|Any CPU.Build.0 = Release|Any CPU
		{220293ED-3FDE-4BCC-BA15-497A3CFEE3E9}.Debug|Any CPU.ActiveCfg = Debug|Any CPU
		{220293ED-3FDE-4BCC-BA15-497A3CFEE3E9}.Debug|Any CPU.Build.0 = Debug|Any CPU
		{220293ED-3FDE-4BCC-BA15-497A3CFEE3E9}.Release|Any CPU.ActiveCfg = Release|Any CPU
		{220293ED-3FDE-4BCC-BA15-497A3CFEE3E9}.Release|Any CPU.Build.0 = Release|Any CPU
		{F6870796-F377-456D-8BC4-58A9512FC795}.Debug|Any CPU.ActiveCfg = Debug|Any CPU
		{F6870796-F377-456D-8BC4-58A9512FC795}.Debug|Any CPU.Build.0 = Debug|Any CPU
		{F6870796-F377-456D-8BC4-58A9512FC795}.Release|Any CPU.ActiveCfg = Release|Any CPU
		{F6870796-F377-456D-8BC4-58A9512FC795}.Release|Any CPU.Build.0 = Release|Any CPU
		{040D9257-04DB-4347-A447-CE1AE221C0EF}.Debug|Any CPU.ActiveCfg = Debug|Any CPU
		{040D9257-04DB-4347-A447-CE1AE221C0EF}.Debug|Any CPU.Build.0 = Debug|Any CPU
		{040D9257-04DB-4347-A447-CE1AE221C0EF}.Release|Any CPU.ActiveCfg = Release|Any CPU
		{040D9257-04DB-4347-A447-CE1AE221C0EF}.Release|Any CPU.Build.0 = Release|Any CPU
		{7A189E82-D574-458F-8825-4A3B22986063}.Debug|Any CPU.ActiveCfg = Debug|Any CPU
		{7A189E82-D574-458F-8825-4A3B22986063}.Debug|Any CPU.Build.0 = Debug|Any CPU
		{7A189E82-D574-458F-8825-4A3B22986063}.Release|Any CPU.ActiveCfg = Release|Any CPU
		{7A189E82-D574-458F-8825-4A3B22986063}.Release|Any CPU.Build.0 = Release|Any CPU
	EndGlobalSection
	GlobalSection(SolutionProperties) = preSolution
		HideSolutionNode = FALSE
	EndGlobalSection
	GlobalSection(NestedProjects) = preSolution
		{7A189E82-D574-458F-8825-4A3B22986063} = {4FD85CA3-BA36-4BF3-8350-E4DF1E2497C4}
		{040D9257-04DB-4347-A447-CE1AE221C0EF} = {74D088E2-AD5F-4868-A991-65531411952A}
		{30E0EBD1-44E9-4163-8E62-5F2B28761C0E} = {74D088E2-AD5F-4868-A991-65531411952A}
		{220293ED-3FDE-4BCC-BA15-497A3CFEE3E9} = {74D088E2-AD5F-4868-A991-65531411952A}
		{F6870796-F377-456D-8BC4-58A9512FC795} = {891A3786-90DE-4B91-A213-A9B07651215C}
	EndGlobalSection
EndGlobal
